
Microsoft Visual Studio Solution File, Format Version 12.00
# Visual Studio 2012
Project("{8BC9CEB8-8B4A-11D0-8D11-00A0C91BC942}") = "TekAPI_CPP", "TekAPI_CPP\TekAPI_CPP.vcxproj", "{E5A81E51-0962-4C73-BB36-6FE296D34648}"
EndProject
Global
	GlobalSection(SolutionConfigurationPlatforms) = preSolution
		Debug|Win32 = Debug|Win32
		Release|Win32 = Release|Win32
	EndGlobalSection
	GlobalSection(ProjectConfigurationPlatforms) = postSolution
		{E5A81E51-0962-4C73-BB36-6FE296D34648}.Debug|Win32.ActiveCfg = Debug|Win32
		{E5A81E51-0962-4C73-BB36-6FE296D34648}.Debug|Win32.Build.0 = Debug|Win32
		{E5A81E51-0962-4C73-BB36-6FE296D34648}.Release|Win32.ActiveCfg = Release|Win32
		{E5A81E51-0962-4C73-BB36-6FE296D34648}.Release|Win32.Build.0 = Release|Win32
	EndGlobalSection
	GlobalSection(SolutionProperties) = preSolution
		HideSolutionNode = FALSE
	EndGlobalSection
EndGlobal
